// !$*UTF8*$!
{
	archiveVersion = 1;
	classes = {
	};
	objectVersion = 110;
	objects = {

/* Begin PBXBuildFile section */
		B498CC9D3073AE7100B3AB6D /* Cocoa.framework in Frameworks */ = {isa = PBXBuildFile; fileRef = B498CC9C3073AE7100B3AB6D /* Cocoa.framework */; };
/* End PBXBuildFile section */

/* Begin PBXFileReference section */
		B498CC993073AE7100B3AB6D /* Red Arrow.glyphsReporter */ = {isa = PBXFileReference; explicitFileType = wrapper.cfbundle; includeInIndex = 0; path = "Red Arrow.glyphsReporter"; sourceTree = BUILT_PRODUCTS_DIR; };
		B498CC9C3073AE7100B3AB6D /* Cocoa.framework */ = {isa = PBXFileReference; lastKnownFileType = wrapper.framework; name = Cocoa.framework; path = System/Library/Frameworks/Cocoa.framework; sourceTree = SDKROOT; };
/* End PBXFileReference section */

/* Begin PBXFileSystemSynchronizedBuildFileExceptionSet section */
		B498CCA33073AE7100B3AB6D /* Exceptions for "Red Arrow" folder in "Red Arrow" target */ = {
			isa = PBXFileSystemSynchronizedBuildFileExceptionSet;
			membershipExceptions = (
				Info.plist,
			);
			target = B498CC983073AE7100B3AB6D /* Red Arrow */;
		};
/* End PBXFileSystemSynchronizedBuildFileExceptionSet section */

/* Begin PBXFileSystemSynchronizedRootGroup section */
		B498CC9E3073AE7100B3AB6D /* Red Arrow */ = {
			isa = PBXFileSystemSynchronizedRootGroup;
			exceptions = (
				B498CCA33073AE7100B3AB6D /* Exceptions for "Red Arrow" folder in "Red Arrow" target */,
			);
			path = "Red Arrow";
			sourceTree = "<group>";
		};
/* End PBXFileSystemSynchronizedRootGroup section */

/* Begin PBXFrameworksBuildPhase section */
		B498CC963073AE7100B3AB6D /* Frameworks */ = {
			isa = PBXFrameworksBuildPhase;
			files = (
				B498CC9D3073AE7100B3AB6D /* Cocoa.framework in Frameworks */,
			);
		};
/* End PBXFrameworksBuildPhase section */

/* Begin PBXGroup section */
		B498CC903073AE7100B3AB6D = {
			isa = PBXGroup;
			children = (
				B498CC9E3073AE7100B3AB6D /* Red Arrow */,
				B498CC9B3073AE7100B3AB6D /* Frameworks */,
				B498CC9A3073AE7100B3AB6D /* Products */,
			);
			sourceTree = "<group>";
		};
		B498CC9A3073AE7100B3AB6D /* Products */ = {
			isa = PBXGroup;
			children = (
				B498CC993073AE7100B3AB6D /* Red Arrow.glyphsReporter */,
			);
			name = Products;
			sourceTree = "<group>";
		};
		B498CC9B3073AE7100B3AB6D /* Frameworks */ = {
			isa = PBXGroup;
			children = (
				B498CC9C3073AE7100B3AB6D /* Cocoa.framework */,
			);
			name = Frameworks;
			sourceTree = "<group>";
		};
/* End PBXGroup section */

/* Begin PBXNativeTarget section */
		B498CC983073AE7100B3AB6D /* Red Arrow */ = {
			isa = PBXNativeTarget;
			buildConfigurationList = B498CCA43073AE7100B3AB6D /* Build configuration list for PBXNativeTarget "Red Arrow" */;
			buildPhases = (
				B498CC953073AE7100B3AB6D /* Sources */,
				B498CC963073AE7100B3AB6D /* Frameworks */,
				B498CC973073AE7100B3AB6D /* Resources */,
			);
			buildRules = (
			);
			fileSystemSynchronizedGroups = (
				B498CC9E3073AE7100B3AB6D /* Red Arrow */,
			);
			name = "Red Arrow";
			productName = "Red Arrow";
			productReference = B498CC993073AE7100B3AB6D /* Red Arrow.glyphsReporter */;
			productType = "com.apple.product-type.bundle";
		};
/* End PBXNativeTarget section */

/* Begin PBXProject section */
		B498CC913073AE7100B3AB6D /* Project object */ = {
			isa = PBXProject;
			attributes = {
				BuildIndependentTargetsInParallel = 1;
				LastSwiftUpdateCheck = 2700;
				LastUpgradeCheck = 2700;
				TargetAttributes = {
					B498CC983073AE7100B3AB6D = {
						CreatedOnToolsVersion = 27.0;
					};
				};
			};
			buildConfigurationList = B498CC943073AE7100B3AB6D /* Build configuration list for PBXProject "Red Arrow" */;
			developmentRegion = en;
			hasScannedForEncodings = 0;
			knownRegions = (
				en,
				Base,
			);
			mainGroup = B498CC903073AE7100B3AB6D;
			minimizedProjectReferenceProxies = 1;
			preferredProjectObjectVersion = 77;
			productRefGroup = B498CC9A3073AE7100B3AB6D /* Products */;
			projectDirPath = "";
			projectRoot = "";
			targets = (
				B498CC983073AE7100B3AB6D /* Red Arrow */,
			);
		};
/* End PBXProject section */

/* Begin PBXResourcesBuildPhase section */
		B498CC973073AE7100B3AB6D /* Resources */ = {
			isa = PBXResourcesBuildPhase;
			files = (
			);
		};
/* End PBXResourcesBuildPhase section */

/* Begin PBXSourcesBuildPhase section */
		B498CC953073AE7100B3AB6D /* Sources */ = {
			isa = PBXSourcesBuildPhase;
			files = (
			);
		};
/* End PBXSourcesBuildPhase section */

/* Begin XCBuildConfiguration section */
		B498CCA53073AE7100B3AB6D /* Debug configuration for PBXNativeTarget "Red Arrow" */ = {
			isa = XCBuildConfiguration;
			buildSettings = {
				CODE_SIGN_STYLE = Automatic;
				CURRENT_PROJECT_VERSION = 1;
				DEPLOYMENT_LOCATION = YES;
				DSTROOT = "$(USER_LIBRARY_DIR)/Application Support/Glyphs 4/Plugins";
				FRAMEWORK_SEARCH_PATHS = "\"$(SYSTEM_APPS_DIR)/Glyphs 4.app/Contents/Frameworks\"";
				GENERATE_INFOPLIST_FILE = YES;
				INFOPLIST_KEY_CFBundleDisplayName = "Red Arrow";
				INSTALL_PATH = /;
				MACOSX_DEPLOYMENT_TARGET = 12.0;
				MARKETING_VERSION = 1.0;
				OTHER_LDFLAGS = (
					"-framework",
					GlyphsCore,
				);
				PRODUCT_BUNDLE_IDENTIFIER = "de.kutilek.Red-Arrow";
				PRODUCT_NAME = "$(TARGET_NAME)";
				SKIP_INSTALL = NO;
				STRING_CATALOG_GENERATE_SYMBOLS = YES;
				SWIFT_APPROACHABLE_CONCURRENCY = YES;
				SWIFT_EMIT_LOC_STRINGS = YES;
				SWIFT_OBJC_BRIDGING_HEADER = "Red Arrow/Red Arrow-Bridging-Header.h";
				SWIFT_UPCOMING_FEATURE_MEMBER_IMPORT_VISIBILITY = YES;
				SWIFT_VERSION = 5.0;
				WRAPPER_EXTENSION = glyphsReporter;
			};
			name = Debug;
		};
		B498CCA63073AE7100B3AB6D /* Release configuration for PBXNativeTarget "Red Arrow" */ = {
			isa = XCBuildConfiguration;
			buildSettings = {
				CODE_SIGN_STYLE = Automatic;
				CURRENT_PROJECT_VERSION = 1;
				FRAMEWORK_SEARCH_PATHS = "\"$(SYSTEM_APPS_DIR)/Glyphs 4.app/Contents/Frameworks\"";
				GENERATE_INFOPLIST_FILE = YES;
				INFOPLIST_KEY_CFBundleDisplayName = "Red Arrow";
				INSTALL_PATH = /;
				MACOSX_DEPLOYMENT_TARGET = 12.0;
				MARKETING_VERSION = 1.0;
				OTHER_LDFLAGS = (
					"-framework",
					GlyphsCore,
				);
				PRODUCT_BUNDLE_IDENTIFIER = "de.kutilek.Red-Arrow";
				PRODUCT_NAME = "$(TARGET_NAME)";
				STRING_CATALOG_GENERATE_SYMBOLS = YES;
				SWIFT_APPROACHABLE_CONCURRENCY = YES;
				SWIFT_EMIT_LOC_STRINGS = YES;
				SWIFT_OBJC_BRIDGING_HEADER = "Red Arrow/Red Arrow-Bridging-Header.h";
				SWIFT_UPCOMING_FEATURE_MEMBER_IMPORT_VISIBILITY = YES;
				SWIFT_VERSION = 5.0;
				WRAPPER_EXTENSION = glyphsReporter;
			};
			name = Release;
		};
		B498CCA73073AE7100B3AB6D /* Debug configuration for PBXProject "Red Arrow" */ = {
			isa = XCBuildConfiguration;
			buildSettings = {
				ALWAYS_SEARCH_USER_PATHS = NO;
				ASSETCATALOG_COMPILER_GENERATE_SWIFT_ASSET_SYMBOL_EXTENSIONS = YES;
				CLANG_ANALYZER_NONNULL = YES;
				CLANG_ANALYZER_NUMBER_OBJECT_CONVERSION = YES_AGGRESSIVE;
				CLANG_CXX_LANGUAGE_STANDARD = "gnu++20";
				CLANG_ENABLE_MODULES = YES;
				CLANG_ENABLE_OBJC_ARC = YES;
				CLANG_ENABLE_OBJC_WEAK = YES;
				CLANG_WARN_BLOCK_CAPTURE_AUTORELEASING = YES;
				CLANG_WARN_BOOL_CONVERSION = YES;
				CLANG_WARN_COMMA = YES;
				CLANG_WARN_CONSTANT_CONVERSION = YES;
				CLANG_WARN_DEPRECATED_OBJC_IMPLEMENTATIONS = YES;
				CLANG_WARN_DIRECT_OBJC_ISA_USAGE = YES_ERROR;
				CLANG_WARN_DOCUMENTATION_COMMENTS = YES;
				CLANG_WARN_EMPTY_BODY = YES;
				CLANG_WARN_ENUM_CONVERSION = YES;
				CLANG_WARN_INFINITE_RECURSION = YES;
				CLANG_WARN_INT_CONVERSION = YES;
				CLANG_WARN_NON_LITERAL_NULL_CONVERSION = YES;
				CLANG_WARN_OBJC_IMPLICIT_RETAIN_SELF = YES;
				CLANG_WARN_OBJC_LITERAL_CONVERSION = YES;
				CLANG_WARN_OBJC_ROOT_CLASS = YES_ERROR;
				CLANG_WARN_QUOTED_INCLUDE_IN_FRAMEWORK_HEADER = YES;
				CLANG_WARN_RANGE_LOOP_ANALYSIS = YES;
				CLANG_WARN_STRICT_PROTOTYPES = YES;
				CLANG_WARN_SUSPICIOUS_MOVE = YES;
				CLANG_WARN_UNGUARDED_AVAILABILITY = YES_AGGRESSIVE;
				CLANG_WARN_UNREACHABLE_CODE = YES;
				CLANG_WARN__DUPLICATE_METHOD_MATCH = YES;
				COPY_PHASE_STRIP = NO;
				DEBUG_INFORMATION_FORMAT = dwarf;
				ENABLE_STRICT_OBJC_MSGSEND = YES;
				ENABLE_TESTABILITY = YES;
				ENABLE_USER_SCRIPT_SANDBOXING = YES;
				GCC_C_LANGUAGE_STANDARD = gnu17;
				GCC_DYNAMIC_NO_PIC = NO;
				GCC_NO_COMMON_BLOCKS = YES;
				GCC_OPTIMIZATION_LEVEL = 0;
				GCC_PREPROCESSOR_DEFINITIONS = (
					"DEBUG=1",
					"$(inherited)",
				);
				GCC_WARN_64_TO_32_BIT_CONVERSION = YES;
				GCC_WARN_ABOUT_RETURN_TYPE = YES_ERROR;
				GCC_WARN_UNDECLARED_SELECTOR = YES;
				GCC_WARN_UNINITIALIZED_AUTOS = YES_AGGRESSIVE;
				GCC_WARN_UNUSED_FUNCTION = YES;
				GCC_WARN_UNUSED_VARIABLE = YES;
				LOCALIZATION_PREFERS_STRING_CATALOGS = YES;
				MACOSX_DEPLOYMENT_TARGET = 27.0;
				MTL_ENABLE_DEBUG_INFO = INCLUDE_SOURCE;
				MTL_FAST_MATH = YES;
				ONLY_ACTIVE_ARCH = YES;
				SDKROOT = macosx;
				SWIFT_ACTIVE_COMPILATION_CONDITIONS = "DEBUG $(inherited)";
				SWIFT_OPTIMIZATION_LEVEL = "-Onone";
			};
			name = Debug;
		};
		B498CCA83073AE7100B3AB6D /* Release configuration for PBXProject "Red Arrow" */ = {
			isa = XCBuildConfiguration;
			buildSettings = {
				ALWAYS_SEARCH_USER_PATHS = NO;
				ASSETCATALOG_COMPILER_GENERATE_SWIFT_ASSET_SYMBOL_EXTENSIONS = YES;
				CLANG_ANALYZER_NONNULL = YES;
				CLANG_ANALYZER_NUMBER_OBJECT_CONVERSION = YES_AGGRESSIVE;
				CLANG_CXX_LANGUAGE_STANDARD = "gnu++20";
				CLANG_ENABLE_MODULES = YES;
				CLANG_ENABLE_OBJC_ARC = YES;
				CLANG_ENABLE_OBJC_WEAK = YES;
				CLANG_WARN_BLOCK_CAPTURE_AUTORELEASING = YES;
				CLANG_WARN_BOOL_CONVERSION = YES;
				CLANG_WARN_COMMA = YES;
				CLANG_WARN_CONSTANT_CONVERSION = YES;
				CLANG_WARN_DEPRECATED_OBJC_IMPLEMENTATIONS = YES;
				CLANG_WARN_DIRECT_OBJC_ISA_USAGE = YES_ERROR;
				CLANG_WARN_DOCUMENTATION_COMMENTS = YES;
				CLANG_WARN_EMPTY_BODY = YES;
				CLANG_WARN_ENUM_CONVERSION = YES;
				CLANG_WARN_INFINITE_RECURSION = YES;
				CLANG_WARN_INT_CONVERSION = YES;
				CLANG_WARN_NON_LITERAL_NULL_CONVERSION = YES;
				CLANG_WARN_OBJC_IMPLICIT_RETAIN_SELF = YES;
				CLANG_WARN_OBJC_LITERAL_CONVERSION = YES;
				CLANG_WARN_OBJC_ROOT_CLASS = YES_ERROR;
				CLANG_WARN_QUOTED_INCLUDE_IN_FRAMEWORK_HEADER = YES;
				CLANG_WARN_RANGE_LOOP_ANALYSIS = YES;
				CLANG_WARN_STRICT_PROTOTYPES = YES;
				CLANG_WARN_SUSPICIOUS_MOVE = YES;
				CLANG_WARN_UNGUARDED_AVAILABILITY = YES_AGGRESSIVE;
				CLANG_WARN_UNREACHABLE_CODE = YES;
				CLANG_WARN__DUPLICATE_METHOD_MATCH = YES;
				COPY_PHASE_STRIP = NO;
				DEBUG_INFORMATION_FORMAT = "dwarf-with-dsym";
				ENABLE_NS_ASSERTIONS = NO;
				ENABLE_STRICT_OBJC_MSGSEND = YES;
				ENABLE_USER_SCRIPT_SANDBOXING = YES;
				GCC_C_LANGUAGE_STANDARD = gnu17;
				GCC_NO_COMMON_BLOCKS = YES;
				GCC_WARN_64_TO_32_BIT_CONVERSION = YES;
				GCC_WARN_ABOUT_RETURN_TYPE = YES_ERROR;
				GCC_WARN_UNDECLARED_SELECTOR = YES;
				GCC_WARN_UNINITIALIZED_AUTOS = YES_AGGRESSIVE;
				GCC_WARN_UNUSED_FUNCTION = YES;
				GCC_WARN_UNUSED_VARIABLE = YES;
				LOCALIZATION_PREFERS_STRING_CATALOGS = YES;
				MACOSX_DEPLOYMENT_TARGET = 27.0;
				MTL_ENABLE_DEBUG_INFO = NO;
				MTL_FAST_MATH = YES;
				SDKROOT = macosx;
				SWIFT_COMPILATION_MODE = wholemodule;
			};
			name = Release;
		};
/* End XCBuildConfiguration section */

/* Begin XCConfigurationList section */
		B498CC943073AE7100B3AB6D /* Build configuration list for PBXProject "Red Arrow" */ = {
			isa = XCConfigurationList;
			buildConfigurations = (
				B498CCA73073AE7100B3AB6D /* Debug configuration for PBXProject "Red Arrow" */,
				B498CCA83073AE7100B3AB6D /* Release configuration for PBXProject "Red Arrow" */,
			);
			defaultConfigurationName = Release;
		};
		B498CCA43073AE7100B3AB6D /* Build configuration list for PBXNativeTarget "Red Arrow" */ = {
			isa = XCConfigurationList;
			buildConfigurations = (
				B498CCA53073AE7100B3AB6D /* Debug configuration for PBXNativeTarget "Red Arrow" */,
				B498CCA63073AE7100B3AB6D /* Release configuration for PBXNativeTarget "Red Arrow" */,
			);
			defaultConfigurationName = Release;
		};
/* End XCConfigurationList section */
	};
	rootObject = B498CC913073AE7100B3AB6D /* Project object */;
	validationLevel = 1;
}
